
Microsoft Visual Studio Solution File, Format Version 12.00
# Visual Studio Version 16
VisualStudioVersion = 16.0.30114.105
MinimumVisualStudioVersion = 10.0.40219.1
Project("{9A19103F-16F7-4668-BE54-9A1E7A4F7556}") = "CareerCloud.Pocos", "CareerCloud.Pocos\CareerCloud.Pocos.csproj", "{6BE99D5E-2D88-408E-B4FB-744AF2D1562B}"
EndProject
Project("{9A19103F-16F7-4668-BE54-9A1E7A4F7556}") = "CareerCloudCore.UnitTests.Assignment1", "CareerCloudCore.UnitTests.Assignment1\CareerCloudCore.UnitTests.Assignment1\CareerCloudCore.UnitTests.Assignment1.csproj", "{ED9951DE-27B4-413F-A099-10A4C56E0309}"
EndProject
Project("{9A19103F-16F7-4668-BE54-9A1E7A4F7556}") = "CareerCloud.DataAccessLayer", "CareerCloud.DataAccessLayer\CareerCloud.DataAccessLayer.csproj", "{C85A1B79-8F32-49FC-90E3-708C0AEEF21D}"
EndProject
Project("{9A19103F-16F7-4668-BE54-9A1E7A4F7556}") = "CareerCloud.ADODataAccessLayer", "CareerCloud.ADODataAccessLayer\CareerCloud.ADODataAccessLayer.csproj", "{0EB5A538-0EEE-43E1-8D3A-4BFA38A595B9}"
EndProject
Project("{9A19103F-16F7-4668-BE54-9A1E7A4F7556}") = "CareerCloudCore.UnitTests.Assignment2", "CareerCloudCore.UnitTests.Assignment2\CareerCloudCore.UnitTests.Assignment2.csproj", "{213CECE3-6A71-4D7C-B1D8-EB2EF978C3FA}"
EndProject
Global
	GlobalSection(SolutionConfigurationPlatforms) = preSolution
		Debug|Any CPU = Debug|Any CPU
		Release|Any CPU = Release|Any CPU
	EndGlobalSection
	GlobalSection(ProjectConfigurationPlatforms) = postSolution
		{6BE99D5E-2D88-408E-B4FB-744AF2D1562B}.Debug|Any CPU.ActiveCfg = Debug|Any CPU
		{6BE99D5E-2D88-408E-B4FB-744AF2D1562B}.Debug|Any CPU.Build.0 = Debug|Any CPU
		{6BE99D5E-2D88-408E-B4FB-744AF2D1562B}.Release|Any CPU.ActiveCfg = Release|Any CPU
		{6BE99D5E-2D88-408E-B4FB-744AF2D1562B}.Release|Any CPU.Build.0 = Release|Any CPU
		{ED9951DE-27B4-413F-A099-10A4C56E0309}.Debug|Any CPU.ActiveCfg = Debug|Any CPU
		{ED9951DE-27B4-413F-A099-10A4C56E0309}.Debug|Any CPU.Build.0 = Debug|Any CPU
		{ED9951DE-27B4-413F-A099-10A4C56E0309}.Release|Any CPU.ActiveCfg = Release|Any CPU
		{ED9951DE-27B4-413F-A099-10A4C56E0309}.Release|Any CPU.Build.0 = Release|Any CPU
		{C85A1B79-8F32-49FC-90E3-708C0AEEF21D}.Debug|Any CPU.ActiveCfg = Debug|Any CPU
		{C85A1B79-8F32-49FC-90E3-708C0AEEF21D}.Debug|Any CPU.Build.0 = Debug|Any CPU
		{C85A1B79-8F32-49FC-90E3-708C0AEEF21D}.Release|Any CPU.ActiveCfg = Release|Any CPU
		{C85A1B79-8F32-49FC-90E3-708C0AEEF21D}.Release|Any CPU.Build.0 = Release|Any CPU
		{0EB5A538-0EEE-43E1-8D3A-4BFA38A595B9}.Debug|Any CPU.ActiveCfg = Debug|Any CPU
		{0EB5A538-0EEE-43E1-8D3A-4BFA38A595B9}.Debug|Any CPU.Build.0 = Debug|Any CPU
		{0EB5A538-0EEE-43E1-8D3A-4BFA38A595B9}.Release|Any CPU.ActiveCfg = Release|Any CPU
		{0EB5A538-0EEE-43E1-8D3A-4BFA38A595B9}.Release|Any CPU.Build.0 = Release|Any CPU
		{213CECE3-6A71-4D7C-B1D8-EB2EF978C3FA}.Debug|Any CPU.ActiveCfg = Debug|Any CPU
		{213CECE3-6A71-4D7C-B1D8-EB2EF978C3FA}.Debug|Any CPU.Build.0 = Debug|Any CPU
		{213CECE3-6A71-4D7C-B1D8-EB2EF978C3FA}.Release|Any CPU.ActiveCfg = Release|Any CPU
		{213CECE3-6A71-4D7C-B1D8-EB2EF978C3FA}.Release|Any CPU.Build.0 = Release|Any CPU
	EndGlobalSection
	GlobalSection(SolutionProperties) = preSolution
		HideSolutionNode = FALSE
	EndGlobalSection
	GlobalSection(ExtensibilityGlobals) = postSolution
		SolutionGuid = {8F640691-7424-471C-A89B-89262AF8ADBE}
	EndGlobalSection
EndGlobal
